{
  "name": "shift-builder",
  "version": "1.0.0",
  "lockfileVersion": 1,
  "requires": true,
  "dependencies": {
    "esutils": {
      "version": "2.0.2",
      "resolved": "https://registry.npmjs.org/esutils/-/esutils-2.0.2.tgz",
      "integrity": "sha1-Cr9PHKpbyx96nYrMbepPqqBLrJs="
    },
    "object-assign": {
      "version": "4.1.1",
      "resolved": "https://registry.npmjs.org/object-assign/-/object-assign-4.1.1.tgz",
      "integrity": "sha1-IQmtx5ZYh8/AXLvUQsrIv7s2CGM="
    },
    "shift-ast": {
      "version": "4.0.0",
      "resolved": "https://registry.npmjs.org/shift-ast/-/shift-ast-4.0.0.tgz",
      "integrity": "sha1-HUFSoq3ShkSlKusuDIfYkl09l/8="
    },
    "shift-codegen": {
      "version": "5.0.5",
      "resolved": "https://registry.npmjs.org/shift-codegen/-/shift-codegen-5.0.5.tgz",
      "integrity": "sha1-9r16IWHFpOyURmWeE/H90UPFycE=",
      "requires": {
        "esutils": "2.0.2",
        "object-assign": "4.1.1",
        "shift-reducer": "4.0.1"
      }
    },
    "shift-reducer": {
      "version": "4.0.1",
      "resolved": "https://registry.npmjs.org/shift-reducer/-/shift-reducer-4.0.1.tgz",
      "integrity": "sha1-McM0FP9UqgqZfSs/wlQWL1xaG3U=",
      "requires": {
        "shift-ast": "4.0.0"
      }
    }
  }
}
